
Microsoft Visual Studio Solution File, Format Version 12.00
# Visual Studio 15
VisualStudioVersion = 15.0.27703.2000
MinimumVisualStudioVersion = 10.0.40219.1
Project("{FAE04EC0-301F-11D3-BF4B-00C04F79EFBC}") = "Product.API", "Product_WebAPI\Product.API.csproj", "{3010A3E5-907E-44A4-87B2-B3DF6CC5AE7B}"
EndProject
Project("{FAE04EC0-301F-11D3-BF4B-00C04F79EFBC}") = "Product.Contracts", "Product_DataTypes\Product.Contracts.csproj", "{42AB16E9-D87E-449D-A164-7B4D8FF620CD}"
EndProject
Project("{FAE04EC0-301F-11D3-BF4B-00C04F79EFBC}") = "Product.DataAccess", "Product_DataAccess\Product.DataAccess.csproj", "{8643E477-571E-4C7F-9C0A-C3FA63306D13}"
EndProject
Global
	GlobalSection(SolutionConfigurationPlatforms) = preSolution
		Debug|Any CPU = Debug|Any CPU
		Release|Any CPU = Release|Any CPU
	EndGlobalSection
	GlobalSection(ProjectConfigurationPlatforms) = postSolution
		{3010A3E5-907E-44A4-87B2-B3DF6CC5AE7B}.Debug|Any CPU.ActiveCfg = Debug|Any CPU
		{3010A3E5-907E-44A4-87B2-B3DF6CC5AE7B}.Debug|Any CPU.Build.0 = Debug|Any CPU
		{3010A3E5-907E-44A4-87B2-B3DF6CC5AE7B}.Release|Any CPU.ActiveCfg = Release|Any CPU
		{3010A3E5-907E-44A4-87B2-B3DF6CC5AE7B}.Release|Any CPU.Build.0 = Release|Any CPU
		{42AB16E9-D87E-449D-A164-7B4D8FF620CD}.Debug|Any CPU.ActiveCfg = Debug|Any CPU
		{42AB16E9-D87E-449D-A164-7B4D8FF620CD}.Debug|Any CPU.Build.0 = Debug|Any CPU
		{42AB16E9-D87E-449D-A164-7B4D8FF620CD}.Release|Any CPU.ActiveCfg = Release|Any CPU
		{42AB16E9-D87E-449D-A164-7B4D8FF620CD}.Release|Any CPU.Build.0 = Release|Any CPU
		{8643E477-571E-4C7F-9C0A-C3FA63306D13}.Debug|Any CPU.ActiveCfg = Debug|Any CPU
		{8643E477-571E-4C7F-9C0A-C3FA63306D13}.Debug|Any CPU.Build.0 = Debug|Any CPU
		{8643E477-571E-4C7F-9C0A-C3FA63306D13}.Release|Any CPU.ActiveCfg = Release|Any CPU
		{8643E477-571E-4C7F-9C0A-C3FA63306D13}.Release|Any CPU.Build.0 = Release|Any CPU
	EndGlobalSection
	GlobalSection(SolutionProperties) = preSolution
		HideSolutionNode = FALSE
	EndGlobalSection
	GlobalSection(ExtensibilityGlobals) = postSolution
		SolutionGuid = {D9A7CA78-D189-4B36-820D-ABABE20E91C6}
	EndGlobalSection
EndGlobal
